
Microsoft Visual Studio Solution File, Format Version 12.00
# Visual Studio Version 17
VisualStudioVersion = 17.1.32210.238
MinimumVisualStudioVersion = 10.0.40219.1
Project("{9A19103F-16F7-4668-BE54-9A1E7A4F7556}") = "Core", "Core\Core.csproj", "{8B2E2B16-7AFF-4ADB-AB78-241D03E7C437}"
EndProject
Project("{9A19103F-16F7-4668-BE54-9A1E7A4F7556}") = "Repository", "Repository\Repository.csproj", "{0061FA1C-66CE-469A-A642-D54B1C1207B7}"
EndProject
Project("{9A19103F-16F7-4668-BE54-9A1E7A4F7556}") = "Service", "Service\Service.csproj", "{2EC1562B-1CC3-4873-8292-97D20C5A6A9C}"
EndProject
Project("{9A19103F-16F7-4668-BE54-9A1E7A4F7556}") = "API", "API\API.csproj", "{F855DB68-AE18-438D-A5EF-930DCA6D8BEE}"
EndProject
Project("{9A19103F-16F7-4668-BE54-9A1E7A4F7556}") = "Caching", "Caching\Caching.csproj", "{86E33835-2BC5-4E31-AC1F-06DDE86EFEE3}"
EndProject
Project("{9A19103F-16F7-4668-BE54-9A1E7A4F7556}") = "WebC", "WebC\WebC.csproj", "{CA9A9BC9-295F-4C36-A262-572865412CD0}"
EndProject
Project("{2150E333-8FDC-42A3-9474-1A3956D46DE8}") = "Solution Items", "Solution Items", "{816184F2-BD4F-4D76-94A0-7971AE785A8D}"
	ProjectSection(SolutionItems) = preProject
		Port.txt = Port.txt
	EndProjectSection
EndProject
Project("{9A19103F-16F7-4668-BE54-9A1E7A4F7556}") = "SharedLibrary", "SharedLibrary\SharedLibrary.csproj", "{23EAA738-86F2-4C7C-858A-5B940A2C487A}"
EndProject
Project("{FAE04EC0-301F-11D3-BF4B-00C04F79EFBC}") = "SecApi", "SecApi\SecApi.csproj", "{D1D2BED6-07A4-4598-BC59-59552C8CA77F}"
EndProject
Global
	GlobalSection(SolutionConfigurationPlatforms) = preSolution
		Debug|Any CPU = Debug|Any CPU
		Release|Any CPU = Release|Any CPU
	EndGlobalSection
	GlobalSection(ProjectConfigurationPlatforms) = postSolution
		{8B2E2B16-7AFF-4ADB-AB78-241D03E7C437}.Debug|Any CPU.ActiveCfg = Debug|Any CPU
		{8B2E2B16-7AFF-4ADB-AB78-241D03E7C437}.Debug|Any CPU.Build.0 = Debug|Any CPU
		{8B2E2B16-7AFF-4ADB-AB78-241D03E7C437}.Release|Any CPU.ActiveCfg = Release|Any CPU
		{8B2E2B16-7AFF-4ADB-AB78-241D03E7C437}.Release|Any CPU.Build.0 = Release|Any CPU
		{0061FA1C-66CE-469A-A642-D54B1C1207B7}.Debug|Any CPU.ActiveCfg = Debug|Any CPU
		{0061FA1C-66CE-469A-A642-D54B1C1207B7}.Debug|Any CPU.Build.0 = Debug|Any CPU
		{0061FA1C-66CE-469A-A642-D54B1C1207B7}.Release|Any CPU.ActiveCfg = Release|Any CPU
		{0061FA1C-66CE-469A-A642-D54B1C1207B7}.Release|Any CPU.Build.0 = Release|Any CPU
		{2EC1562B-1CC3-4873-8292-97D20C5A6A9C}.Debug|Any CPU.ActiveCfg = Debug|Any CPU
		{2EC1562B-1CC3-4873-8292-97D20C5A6A9C}.Debug|Any CPU.Build.0 = Debug|Any CPU
		{2EC1562B-1CC3-4873-8292-97D20C5A6A9C}.Release|Any CPU.ActiveCfg = Release|Any CPU
		{2EC1562B-1CC3-4873-8292-97D20C5A6A9C}.Release|Any CPU.Build.0 = Release|Any CPU
		{F855DB68-AE18-438D-A5EF-930DCA6D8BEE}.Debug|Any CPU.ActiveCfg = Debug|Any CPU
		{F855DB68-AE18-438D-A5EF-930DCA6D8BEE}.Debug|Any CPU.Build.0 = Debug|Any CPU
		{F855DB68-AE18-438D-A5EF-930DCA6D8BEE}.Release|Any CPU.ActiveCfg = Release|Any CPU
		{F855DB68-AE18-438D-A5EF-930DCA6D8BEE}.Release|Any CPU.Build.0 = Release|Any CPU
		{86E33835-2BC5-4E31-AC1F-06DDE86EFEE3}.Debug|Any CPU.ActiveCfg = Debug|Any CPU
		{86E33835-2BC5-4E31-AC1F-06DDE86EFEE3}.Debug|Any CPU.Build.0 = Debug|Any CPU
		{86E33835-2BC5-4E31-AC1F-06DDE86EFEE3}.Release|Any CPU.ActiveCfg = Release|Any CPU
		{86E33835-2BC5-4E31-AC1F-06DDE86EFEE3}.Release|Any CPU.Build.0 = Release|Any CPU
		{CA9A9BC9-295F-4C36-A262-572865412CD0}.Debug|Any CPU.ActiveCfg = Debug|Any CPU
		{CA9A9BC9-295F-4C36-A262-572865412CD0}.Debug|Any CPU.Build.0 = Debug|Any CPU
		{CA9A9BC9-295F-4C36-A262-572865412CD0}.Release|Any CPU.ActiveCfg = Release|Any CPU
		{CA9A9BC9-295F-4C36-A262-572865412CD0}.Release|Any CPU.Build.0 = Release|Any CPU
		{23EAA738-86F2-4C7C-858A-5B940A2C487A}.Debug|Any CPU.ActiveCfg = Debug|Any CPU
		{23EAA738-86F2-4C7C-858A-5B940A2C487A}.Debug|Any CPU.Build.0 = Debug|Any CPU
		{23EAA738-86F2-4C7C-858A-5B940A2C487A}.Release|Any CPU.ActiveCfg = Release|Any CPU
		{23EAA738-86F2-4C7C-858A-5B940A2C487A}.Release|Any CPU.Build.0 = Release|Any CPU
		{D1D2BED6-07A4-4598-BC59-59552C8CA77F}.Debug|Any CPU.ActiveCfg = Debug|Any CPU
		{D1D2BED6-07A4-4598-BC59-59552C8CA77F}.Debug|Any CPU.Build.0 = Debug|Any CPU
		{D1D2BED6-07A4-4598-BC59-59552C8CA77F}.Release|Any CPU.ActiveCfg = Release|Any CPU
		{D1D2BED6-07A4-4598-BC59-59552C8CA77F}.Release|Any CPU.Build.0 = Release|Any CPU
	EndGlobalSection
	GlobalSection(SolutionProperties) = preSolution
		HideSolutionNode = FALSE
	EndGlobalSection
	GlobalSection(ExtensibilityGlobals) = postSolution
		SolutionGuid = {3F66CAD5-6E9C-4EB7-96D1-52310672A5A5}
	EndGlobalSection
EndGlobal
